
Microsoft Visual Studio Solution File, Format Version 12.00
# Visual Studio Version 17
VisualStudioVersion = 17.8.34330.188
MinimumVisualStudioVersion = 10.0.40219.1
Project("{2150E333-8FDC-42A3-9474-1A3956D46DE8}") = "ShopManagement", "ShopManagement", "{A4971B81-8EC5-4CA2-96EF-82B6090DCC62}"
EndProject
Project("{2150E333-8FDC-42A3-9474-1A3956D46DE8}") = "SM.Domain", "SM.Domain", "{E210CA73-D782-4ABC-9100-675A2CA48670}"
EndProject
Project("{9A19103F-16F7-4668-BE54-9A1E7A4F7556}") = "SM.Domain", "SM.Domain\SM.Domain.csproj", "{81220791-BF38-4AD8-80A9-4B6152193FD4}"
EndProject
Project("{9A19103F-16F7-4668-BE54-9A1E7A4F7556}") = "0_Framework", "0_Framework\0_Framework.csproj", "{D2A4B2B4-2C57-402A-AFC7-3EF370051DB9}"
EndProject
Project("{2150E333-8FDC-42A3-9474-1A3956D46DE8}") = "SM.Application", "SM.Application", "{CC99290F-49B6-415E-87A6-7BC32993843F}"
EndProject
Project("{9A19103F-16F7-4668-BE54-9A1E7A4F7556}") = "SM.Application.Contracts", "SM.Application.Contracts\SM.Application.Contracts.csproj", "{C000815D-CAC6-4D7B-A40C-F7707E51635F}"
EndProject
Project("{9A19103F-16F7-4668-BE54-9A1E7A4F7556}") = "SM.Application", "SM.Application\SM.Application.csproj", "{6A9E51C6-9042-4AF1-8706-25D93096A1FE}"
EndProject
Project("{2150E333-8FDC-42A3-9474-1A3956D46DE8}") = "SM.Infrastructure", "SM.Infrastructure", "{364154EF-6639-4438-A970-914293015AFA}"
EndProject
Project("{9A19103F-16F7-4668-BE54-9A1E7A4F7556}") = "SM.Infrastructure.EfCore", "SM.Infrastructure.EfCore\SM.Infrastructure.EfCore.csproj", "{392B6321-BEB7-4B3E-9AD2-E6441961AB0A}"
EndProject
Project("{9A19103F-16F7-4668-BE54-9A1E7A4F7556}") = "SM.Configuration", "SM.Configuration\SM.Configuration.csproj", "{68380002-1CDB-4055-9BC7-2C4069E50D0C}"
EndProject
Project("{9A19103F-16F7-4668-BE54-9A1E7A4F7556}") = "ServiceHost", "ServiceHost\ServiceHost.csproj", "{5D39375B-DBD2-4D6A-AC69-48BF27E76DB9}"
EndProject
Project("{9A19103F-16F7-4668-BE54-9A1E7A4F7556}") = "01_ShopQuery", "01_ShopQuery\01_ShopQuery.csproj", "{290904D7-8562-4180-8B30-0F722809E203}"
EndProject
Project("{2150E333-8FDC-42A3-9474-1A3956D46DE8}") = "DiscountManagement", "DiscountManagement", "{C9A6AF31-2240-4658-B2AD-E1877B7BB907}"
EndProject
Project("{2150E333-8FDC-42A3-9474-1A3956D46DE8}") = "DM.Domain", "DM.Domain", "{65E9E347-5CF4-4265-9CB9-E2769DCE6CE5}"
EndProject
Project("{9A19103F-16F7-4668-BE54-9A1E7A4F7556}") = "DM.Domain", "DM.Domain\DM.Domain.csproj", "{25C3494A-0ED0-4236-BD62-EAE35E4EC659}"
EndProject
Project("{2150E333-8FDC-42A3-9474-1A3956D46DE8}") = "DM.Application", "DM.Application", "{EA515C22-DB35-43F0-AE01-04551BFDAF9E}"
EndProject
Project("{9A19103F-16F7-4668-BE54-9A1E7A4F7556}") = "DM.Application.Contracts", "DM.Application.Contracts\DM.Application.Contracts.csproj", "{AD85E51F-A410-4464-8463-53979AEFB297}"
EndProject
Project("{9A19103F-16F7-4668-BE54-9A1E7A4F7556}") = "DM.Application", "DM.Application\DM.Application.csproj", "{9F0F7C66-C250-4449-817D-DB713CD67446}"
EndProject
Project("{2150E333-8FDC-42A3-9474-1A3956D46DE8}") = "DM.Infrastructure", "DM.Infrastructure", "{6A6B0FED-430B-4360-82FA-41FB66AAD7A8}"
EndProject
Project("{9A19103F-16F7-4668-BE54-9A1E7A4F7556}") = "DM.Infrastructure.EfCore", "DM.Infrastructure.EfCore\DM.Infrastructure.EfCore.csproj", "{8A507903-84F4-4A74-ACD1-B9A4FD82F347}"
EndProject
Project("{9A19103F-16F7-4668-BE54-9A1E7A4F7556}") = "DM.Configuration", "DM.Configuration\DM.Configuration.csproj", "{7A40B724-4C43-45A3-89E8-E3FF7F5119B0}"
EndProject
Project("{2150E333-8FDC-42A3-9474-1A3956D46DE8}") = "InventoryManagement", "InventoryManagement", "{A5112E7F-17EF-4478-B299-B597D4E01C44}"
EndProject
Project("{2150E333-8FDC-42A3-9474-1A3956D46DE8}") = "IM.Domain", "IM.Domain", "{83EFD407-EFD8-4308-B403-BB4B25A0DE4C}"
EndProject
Project("{9A19103F-16F7-4668-BE54-9A1E7A4F7556}") = "IM.Domain", "IM.Domain\IM.Domain.csproj", "{5C3E77D5-BAF0-49D8-921C-CB6BE4B3D428}"
EndProject
Project("{2150E333-8FDC-42A3-9474-1A3956D46DE8}") = "IM.Application", "IM.Application", "{C12522E6-E804-4BDA-B411-AC633E6CCDCF}"
EndProject
Project("{2150E333-8FDC-42A3-9474-1A3956D46DE8}") = "IM.Infrastructure", "IM.Infrastructure", "{9C2DE221-3C5D-46AB-9CEF-D2FD552802B4}"
EndProject
Project("{9A19103F-16F7-4668-BE54-9A1E7A4F7556}") = "IM.Infrastructure.EfCore", "IM.Infrastructure.EfCore\IM.Infrastructure.EfCore.csproj", "{A7F638E8-A081-403C-B5A1-1B252F54E5E7}"
EndProject
Project("{9A19103F-16F7-4668-BE54-9A1E7A4F7556}") = "IM.Infrastructure.Configuration", "IM.Infrastructure.Configuration\IM.Infrastructure.Configuration.csproj", "{FF46552A-19EC-4D30-A61B-7C393D142DEB}"
EndProject
Project("{9A19103F-16F7-4668-BE54-9A1E7A4F7556}") = "IM.Application", "IM.Application\IM.Application.csproj", "{3E9DE22C-7EE0-4130-BD54-1CE996EB0B1A}"
EndProject
Project("{9A19103F-16F7-4668-BE54-9A1E7A4F7556}") = "IM.Application.Contracts", "IM.Application.Contracts\IM.Application.Contracts.csproj", "{28D2FAA1-E0E4-4017-884D-E862D9A4091F}"
EndProject
Project("{2150E333-8FDC-42A3-9474-1A3956D46DE8}") = "BlogManagement", "BlogManagement", "{2C75B848-5618-41A4-AE39-33D8A4190707}"
EndProject
Project("{2150E333-8FDC-42A3-9474-1A3956D46DE8}") = "BM.Domain", "BM.Domain", "{9B1E8E39-0B38-459A-8DAC-4D3B532B3456}"
EndProject
Project("{9A19103F-16F7-4668-BE54-9A1E7A4F7556}") = "BM.Domain", "BM.Domain\BM.Domain.csproj", "{4D391F4A-C3CE-41A1-A8CE-B97D29860E36}"
EndProject
Project("{2150E333-8FDC-42A3-9474-1A3956D46DE8}") = "BM.Application", "BM.Application", "{D6D4DA60-7DB6-4403-AE51-07081DFAFF56}"
EndProject
Project("{9A19103F-16F7-4668-BE54-9A1E7A4F7556}") = "BM.Application.Contracts", "BM.Application.Contracts\BM.Application.Contracts.csproj", "{C186BA47-D38A-4FA9-838B-852D7A831F62}"
EndProject
Project("{9A19103F-16F7-4668-BE54-9A1E7A4F7556}") = "BM.Application", "BM.Application\BM.Application.csproj", "{F0A6862C-75CA-47BD-871F-9FFC8969F15A}"
EndProject
Project("{2150E333-8FDC-42A3-9474-1A3956D46DE8}") = "BM.Infrastructure", "BM.Infrastructure", "{B697A113-7328-4BE4-957B-75ACF09C7212}"
EndProject
Project("{9A19103F-16F7-4668-BE54-9A1E7A4F7556}") = "BM.Infrastructure.EfCore", "BM.Infrastructure.EfCore\BM.Infrastructure.EfCore.csproj", "{33188595-14B6-444B-AC4B-A27DB0FE687C}"
EndProject
Project("{9A19103F-16F7-4668-BE54-9A1E7A4F7556}") = "BM.Infrastructure.Configuration", "BM.Infrastructure.Configuration\BM.Infrastructure.Configuration.csproj", "{06FF9F16-158D-4679-98F3-B8CDB9A7625B}"
EndProject
Project("{2150E333-8FDC-42A3-9474-1A3956D46DE8}") = "CommentManagement", "CommentManagement", "{BC9FBF17-C429-424A-9134-81DFC6DA0531}"
EndProject
Project("{2150E333-8FDC-42A3-9474-1A3956D46DE8}") = "CM.Domain", "CM.Domain", "{BD5D1EA9-A9F7-474C-8488-BC76266748DE}"
EndProject
Project("{9A19103F-16F7-4668-BE54-9A1E7A4F7556}") = "CM.Domain", "CM.Domain\CM.Domain.csproj", "{A8485316-E777-43ED-888D-92D9DC8407EC}"
EndProject
Project("{2150E333-8FDC-42A3-9474-1A3956D46DE8}") = "CM.Application", "CM.Application", "{CB8A55B4-3CF4-404B-AEE0-ECE402386437}"
EndProject
Project("{9A19103F-16F7-4668-BE54-9A1E7A4F7556}") = "CM.Application.Contracts", "CM.Application.Contracts\CM.Application.Contracts.csproj", "{A2ACEDA0-B671-4973-BA53-E145F2803A8F}"
EndProject
Project("{9A19103F-16F7-4668-BE54-9A1E7A4F7556}") = "CM.Application", "CM.Application\CM.Application.csproj", "{2F76803D-2995-43D2-93E2-6FCA2DC579FB}"
EndProject
Project("{2150E333-8FDC-42A3-9474-1A3956D46DE8}") = "CM.Infrastructure", "CM.Infrastructure", "{5D5EC5D5-83E3-4346-B70C-5298A4A38F7C}"
EndProject
Project("{9A19103F-16F7-4668-BE54-9A1E7A4F7556}") = "CM.Infrastructure.EfCore", "CM.Infrastructure.EfCore\CM.Infrastructure.EfCore.csproj", "{BCE742DC-92ED-4FEB-9F79-6451C117730D}"
EndProject
Project("{9A19103F-16F7-4668-BE54-9A1E7A4F7556}") = "CM.Configuration", "CM.Configuration\CM.Configuration.csproj", "{7AE9308B-4BD0-4BF5-8B3E-06C7A219B4DF}"
EndProject
Project("{2150E333-8FDC-42A3-9474-1A3956D46DE8}") = "AccountManagement", "AccountManagement", "{BE0757FF-5EF9-4B1D-A768-122DC4EB6CCD}"
EndProject
Project("{2150E333-8FDC-42A3-9474-1A3956D46DE8}") = "AM.Domain", "AM.Domain", "{B808DBB3-D632-456A-A33D-D28433FD3B7E}"
EndProject
Project("{9A19103F-16F7-4668-BE54-9A1E7A4F7556}") = "AM.Domain", "AM.Domain\AM.Domain.csproj", "{4FA6E1BC-4C33-46F0-A4C3-8A2360FB2570}"
EndProject
Project("{2150E333-8FDC-42A3-9474-1A3956D46DE8}") = "AM.Application", "AM.Application", "{A65B523A-F3CB-41DD-8AE1-E527FECA47A6}"
EndProject
Project("{9A19103F-16F7-4668-BE54-9A1E7A4F7556}") = "AM.Application.Contracts", "AM.Applcation.Contracts\AM.Application.Contracts.csproj", "{F7B2069A-BC5E-44EE-99EC-FA83E6D3D23A}"
EndProject
Project("{2150E333-8FDC-42A3-9474-1A3956D46DE8}") = "AM.Infrastructure", "AM.Infrastructure", "{AD4C6735-22D3-4AE3-A50F-79D5CEC702EF}"
EndProject
Project("{9A19103F-16F7-4668-BE54-9A1E7A4F7556}") = "AM.Infrastructure.EfCore", "AM.Infrastructure.EfCore\AM.Infrastructure.EfCore.csproj", "{59B3478E-EDFD-47C9-A5AA-66AF781234B6}"
EndProject
Project("{FAE04EC0-301F-11D3-BF4B-00C04F79EFBC}") = "AM.Application", "AM.Application\AM.Application.csproj", "{4F04EE34-E35B-4876-8F26-4A955D9D18CE}"
EndProject
Project("{FAE04EC0-301F-11D3-BF4B-00C04F79EFBC}") = "AM.Configuration", "AM.Configuration\AM.Configuration.csproj", "{8B476A1A-DCC5-478D-B8FC-EEA3E95C2C37}"
EndProject
Global
	GlobalSection(SolutionConfigurationPlatforms) = preSolution
		Debug|Any CPU = Debug|Any CPU
		Release|Any CPU = Release|Any CPU
	EndGlobalSection
	GlobalSection(ProjectConfigurationPlatforms) = postSolution
		{81220791-BF38-4AD8-80A9-4B6152193FD4}.Debug|Any CPU.ActiveCfg = Debug|Any CPU
		{81220791-BF38-4AD8-80A9-4B6152193FD4}.Debug|Any CPU.Build.0 = Debug|Any CPU
		{81220791-BF38-4AD8-80A9-4B6152193FD4}.Release|Any CPU.ActiveCfg = Release|Any CPU
		{81220791-BF38-4AD8-80A9-4B6152193FD4}.Release|Any CPU.Build.0 = Release|Any CPU
		{D2A4B2B4-2C57-402A-AFC7-3EF370051DB9}.Debug|Any CPU.ActiveCfg = Debug|Any CPU
		{D2A4B2B4-2C57-402A-AFC7-3EF370051DB9}.Debug|Any CPU.Build.0 = Debug|Any CPU
		{D2A4B2B4-2C57-402A-AFC7-3EF370051DB9}.Release|Any CPU.ActiveCfg = Release|Any CPU
		{D2A4B2B4-2C57-402A-AFC7-3EF370051DB9}.Release|Any CPU.Build.0 = Release|Any CPU
		{C000815D-CAC6-4D7B-A40C-F7707E51635F}.Debug|Any CPU.ActiveCfg = Debug|Any CPU
		{C000815D-CAC6-4D7B-A40C-F7707E51635F}.Debug|Any CPU.Build.0 = Debug|Any CPU
		{C000815D-CAC6-4D7B-A40C-F7707E51635F}.Release|Any CPU.ActiveCfg = Release|Any CPU
		{C000815D-CAC6-4D7B-A40C-F7707E51635F}.Release|Any CPU.Build.0 = Release|Any CPU
		{6A9E51C6-9042-4AF1-8706-25D93096A1FE}.Debug|Any CPU.ActiveCfg = Debug|Any CPU
		{6A9E51C6-9042-4AF1-8706-25D93096A1FE}.Debug|Any CPU.Build.0 = Debug|Any CPU
		{6A9E51C6-9042-4AF1-8706-25D93096A1FE}.Release|Any CPU.ActiveCfg = Release|Any CPU
		{6A9E51C6-9042-4AF1-8706-25D93096A1FE}.Release|Any CPU.Build.0 = Release|Any CPU
		{392B6321-BEB7-4B3E-9AD2-E6441961AB0A}.Debug|Any CPU.ActiveCfg = Debug|Any CPU
		{392B6321-BEB7-4B3E-9AD2-E6441961AB0A}.Debug|Any CPU.Build.0 = Debug|Any CPU
		{392B6321-BEB7-4B3E-9AD2-E6441961AB0A}.Release|Any CPU.ActiveCfg = Release|Any CPU
		{392B6321-BEB7-4B3E-9AD2-E6441961AB0A}.Release|Any CPU.Build.0 = Release|Any CPU
		{68380002-1CDB-4055-9BC7-2C4069E50D0C}.Debug|Any CPU.ActiveCfg = Debug|Any CPU
		{68380002-1CDB-4055-9BC7-2C4069E50D0C}.Debug|Any CPU.Build.0 = Debug|Any CPU
		{68380002-1CDB-4055-9BC7-2C4069E50D0C}.Release|Any CPU.ActiveCfg = Release|Any CPU
		{68380002-1CDB-4055-9BC7-2C4069E50D0C}.Release|Any CPU.Build.0 = Release|Any CPU
		{5D39375B-DBD2-4D6A-AC69-48BF27E76DB9}.Debug|Any CPU.ActiveCfg = Debug|Any CPU
		{5D39375B-DBD2-4D6A-AC69-48BF27E76DB9}.Debug|Any CPU.Build.0 = Debug|Any CPU
		{5D39375B-DBD2-4D6A-AC69-48BF27E76DB9}.Release|Any CPU.ActiveCfg = Release|Any CPU
		{5D39375B-DBD2-4D6A-AC69-48BF27E76DB9}.Release|Any CPU.Build.0 = Release|Any CPU
		{290904D7-8562-4180-8B30-0F722809E203}.Debug|Any CPU.ActiveCfg = Debug|Any CPU
		{290904D7-8562-4180-8B30-0F722809E203}.Debug|Any CPU.Build.0 = Debug|Any CPU
		{290904D7-8562-4180-8B30-0F722809E203}.Release|Any CPU.ActiveCfg = Release|Any CPU
		{290904D7-8562-4180-8B30-0F722809E203}.Release|Any CPU.Build.0 = Release|Any CPU
		{25C3494A-0ED0-4236-BD62-EAE35E4EC659}.Debug|Any CPU.ActiveCfg = Debug|Any CPU
		{25C3494A-0ED0-4236-BD62-EAE35E4EC659}.Debug|Any CPU.Build.0 = Debug|Any CPU
		{25C3494A-0ED0-4236-BD62-EAE35E4EC659}.Release|Any CPU.ActiveCfg = Release|Any CPU
		{25C3494A-0ED0-4236-BD62-EAE35E4EC659}.Release|Any CPU.Build.0 = Release|Any CPU
		{AD85E51F-A410-4464-8463-53979AEFB297}.Debug|Any CPU.ActiveCfg = Debug|Any CPU
		{AD85E51F-A410-4464-8463-53979AEFB297}.Debug|Any CPU.Build.0 = Debug|Any CPU
		{AD85E51F-A410-4464-8463-53979AEFB297}.Release|Any CPU.ActiveCfg = Release|Any CPU
		{AD85E51F-A410-4464-8463-53979AEFB297}.Release|Any CPU.Build.0 = Release|Any CPU
		{9F0F7C66-C250-4449-817D-DB713CD67446}.Debug|Any CPU.ActiveCfg = Debug|Any CPU
		{9F0F7C66-C250-4449-817D-DB713CD67446}.Debug|Any CPU.Build.0 = Debug|Any CPU
		{9F0F7C66-C250-4449-817D-DB713CD67446}.Release|Any CPU.ActiveCfg = Release|Any CPU
		{9F0F7C66-C250-4449-817D-DB713CD67446}.Release|Any CPU.Build.0 = Release|Any CPU
		{8A507903-84F4-4A74-ACD1-B9A4FD82F347}.Debug|Any CPU.ActiveCfg = Debug|Any CPU
		{8A507903-84F4-4A74-ACD1-B9A4FD82F347}.Debug|Any CPU.Build.0 = Debug|Any CPU
		{8A507903-84F4-4A74-ACD1-B9A4FD82F347}.Release|Any CPU.ActiveCfg = Release|Any CPU
		{8A507903-84F4-4A74-ACD1-B9A4FD82F347}.Release|Any CPU.Build.0 = Release|Any CPU
		{7A40B724-4C43-45A3-89E8-E3FF7F5119B0}.Debug|Any CPU.ActiveCfg = Debug|Any CPU
		{7A40B724-4C43-45A3-89E8-E3FF7F5119B0}.Debug|Any CPU.Build.0 = Debug|Any CPU
		{7A40B724-4C43-45A3-89E8-E3FF7F5119B0}.Release|Any CPU.ActiveCfg = Release|Any CPU
		{7A40B724-4C43-45A3-89E8-E3FF7F5119B0}.Release|Any CPU.Build.0 = Release|Any CPU
		{5C3E77D5-BAF0-49D8-921C-CB6BE4B3D428}.Debug|Any CPU.ActiveCfg = Debug|Any CPU
		{5C3E77D5-BAF0-49D8-921C-CB6BE4B3D428}.Debug|Any CPU.Build.0 = Debug|Any CPU
		{5C3E77D5-BAF0-49D8-921C-CB6BE4B3D428}.Release|Any CPU.ActiveCfg = Release|Any CPU
		{5C3E77D5-BAF0-49D8-921C-CB6BE4B3D428}.Release|Any CPU.Build.0 = Release|Any CPU
		{A7F638E8-A081-403C-B5A1-1B252F54E5E7}.Debug|Any CPU.ActiveCfg = Debug|Any CPU
		{A7F638E8-A081-403C-B5A1-1B252F54E5E7}.Debug|Any CPU.Build.0 = Debug|Any CPU
		{A7F638E8-A081-403C-B5A1-1B252F54E5E7}.Release|Any CPU.ActiveCfg = Release|Any CPU
		{A7F638E8-A081-403C-B5A1-1B252F54E5E7}.Release|Any CPU.Build.0 = Release|Any CPU
		{FF46552A-19EC-4D30-A61B-7C393D142DEB}.Debug|Any CPU.ActiveCfg = Debug|Any CPU
		{FF46552A-19EC-4D30-A61B-7C393D142DEB}.Debug|Any CPU.Build.0 = Debug|Any CPU
		{FF46552A-19EC-4D30-A61B-7C393D142DEB}.Release|Any CPU.ActiveCfg = Release|Any CPU
		{FF46552A-19EC-4D30-A61B-7C393D142DEB}.Release|Any CPU.Build.0 = Release|Any CPU
		{3E9DE22C-7EE0-4130-BD54-1CE996EB0B1A}.Debug|Any CPU.ActiveCfg = Debug|Any CPU
		{3E9DE22C-7EE0-4130-BD54-1CE996EB0B1A}.Debug|Any CPU.Build.0 = Debug|Any CPU
		{3E9DE22C-7EE0-4130-BD54-1CE996EB0B1A}.Release|Any CPU.ActiveCfg = Release|Any CPU
		{3E9DE22C-7EE0-4130-BD54-1CE996EB0B1A}.Release|Any CPU.Build.0 = Release|Any CPU
		{28D2FAA1-E0E4-4017-884D-E862D9A4091F}.Debug|Any CPU.ActiveCfg = Debug|Any CPU
		{28D2FAA1-E0E4-4017-884D-E862D9A4091F}.Debug|Any CPU.Build.0 = Debug|Any CPU
		{28D2FAA1-E0E4-4017-884D-E862D9A4091F}.Release|Any CPU.ActiveCfg = Release|Any CPU
		{28D2FAA1-E0E4-4017-884D-E862D9A4091F}.Release|Any CPU.Build.0 = Release|Any CPU
		{4D391F4A-C3CE-41A1-A8CE-B97D29860E36}.Debug|Any CPU.ActiveCfg = Debug|Any CPU
		{4D391F4A-C3CE-41A1-A8CE-B97D29860E36}.Debug|Any CPU.Build.0 = Debug|Any CPU
		{4D391F4A-C3CE-41A1-A8CE-B97D29860E36}.Release|Any CPU.ActiveCfg = Release|Any CPU
		{4D391F4A-C3CE-41A1-A8CE-B97D29860E36}.Release|Any CPU.Build.0 = Release|Any CPU
		{C186BA47-D38A-4FA9-838B-852D7A831F62}.Debug|Any CPU.ActiveCfg = Debug|Any CPU
		{C186BA47-D38A-4FA9-838B-852D7A831F62}.Debug|Any CPU.Build.0 = Debug|Any CPU
		{C186BA47-D38A-4FA9-838B-852D7A831F62}.Release|Any CPU.ActiveCfg = Release|Any CPU
		{C186BA47-D38A-4FA9-838B-852D7A831F62}.Release|Any CPU.Build.0 = Release|Any CPU
		{F0A6862C-75CA-47BD-871F-9FFC8969F15A}.Debug|Any CPU.ActiveCfg = Debug|Any CPU
		{F0A6862C-75CA-47BD-871F-9FFC8969F15A}.Debug|Any CPU.Build.0 = Debug|Any CPU
		{F0A6862C-75CA-47BD-871F-9FFC8969F15A}.Release|Any CPU.ActiveCfg = Release|Any CPU
		{F0A6862C-75CA-47BD-871F-9FFC8969F15A}.Release|Any CPU.Build.0 = Release|Any CPU
		{33188595-14B6-444B-AC4B-A27DB0FE687C}.Debug|Any CPU.ActiveCfg = Debug|Any CPU
		{33188595-14B6-444B-AC4B-A27DB0FE687C}.Debug|Any CPU.Build.0 = Debug|Any CPU
		{33188595-14B6-444B-AC4B-A27DB0FE687C}.Release|Any CPU.ActiveCfg = Release|Any CPU
		{33188595-14B6-444B-AC4B-A27DB0FE687C}.Release|Any CPU.Build.0 = Release|Any CPU
		{06FF9F16-158D-4679-98F3-B8CDB9A7625B}.Debug|Any CPU.ActiveCfg = Debug|Any CPU
		{06FF9F16-158D-4679-98F3-B8CDB9A7625B}.Debug|Any CPU.Build.0 = Debug|Any CPU
		{06FF9F16-158D-4679-98F3-B8CDB9A7625B}.Release|Any CPU.ActiveCfg = Release|Any CPU
		{06FF9F16-158D-4679-98F3-B8CDB9A7625B}.Release|Any CPU.Build.0 = Release|Any CPU
		{A8485316-E777-43ED-888D-92D9DC8407EC}.Debug|Any CPU.ActiveCfg = Debug|Any CPU
		{A8485316-E777-43ED-888D-92D9DC8407EC}.Debug|Any CPU.Build.0 = Debug|Any CPU
		{A8485316-E777-43ED-888D-92D9DC8407EC}.Release|Any CPU.ActiveCfg = Release|Any CPU
		{A8485316-E777-43ED-888D-92D9DC8407EC}.Release|Any CPU.Build.0 = Release|Any CPU
		{A2ACEDA0-B671-4973-BA53-E145F2803A8F}.Debug|Any CPU.ActiveCfg = Debug|Any CPU
		{A2ACEDA0-B671-4973-BA53-E145F2803A8F}.Debug|Any CPU.Build.0 = Debug|Any CPU
		{A2ACEDA0-B671-4973-BA53-E145F2803A8F}.Release|Any CPU.ActiveCfg = Release|Any CPU
		{A2ACEDA0-B671-4973-BA53-E145F2803A8F}.Release|Any CPU.Build.0 = Release|Any CPU
		{2F76803D-2995-43D2-93E2-6FCA2DC579FB}.Debug|Any CPU.ActiveCfg = Debug|Any CPU
		{2F76803D-2995-43D2-93E2-6FCA2DC579FB}.Debug|Any CPU.Build.0 = Debug|Any CPU
		{2F76803D-2995-43D2-93E2-6FCA2DC579FB}.Release|Any CPU.ActiveCfg = Release|Any CPU
		{2F76803D-2995-43D2-93E2-6FCA2DC579FB}.Release|Any CPU.Build.0 = Release|Any CPU
		{BCE742DC-92ED-4FEB-9F79-6451C117730D}.Debug|Any CPU.ActiveCfg = Debug|Any CPU
		{BCE742DC-92ED-4FEB-9F79-6451C117730D}.Debug|Any CPU.Build.0 = Debug|Any CPU
		{BCE742DC-92ED-4FEB-9F79-6451C117730D}.Release|Any CPU.ActiveCfg = Release|Any CPU
		{BCE742DC-92ED-4FEB-9F79-6451C117730D}.Release|Any CPU.Build.0 = Release|Any CPU
		{7AE9308B-4BD0-4BF5-8B3E-06C7A219B4DF}.Debug|Any CPU.ActiveCfg = Debug|Any CPU
		{7AE9308B-4BD0-4BF5-8B3E-06C7A219B4DF}.Debug|Any CPU.Build.0 = Debug|Any CPU
		{7AE9308B-4BD0-4BF5-8B3E-06C7A219B4DF}.Release|Any CPU.ActiveCfg = Release|Any CPU
		{7AE9308B-4BD0-4BF5-8B3E-06C7A219B4DF}.Release|Any CPU.Build.0 = Release|Any CPU
		{4FA6E1BC-4C33-46F0-A4C3-8A2360FB2570}.Debug|Any CPU.ActiveCfg = Debug|Any CPU
		{4FA6E1BC-4C33-46F0-A4C3-8A2360FB2570}.Debug|Any CPU.Build.0 = Debug|Any CPU
		{4FA6E1BC-4C33-46F0-A4C3-8A2360FB2570}.Release|Any CPU.ActiveCfg = Release|Any CPU
		{4FA6E1BC-4C33-46F0-A4C3-8A2360FB2570}.Release|Any CPU.Build.0 = Release|Any CPU
		{F7B2069A-BC5E-44EE-99EC-FA83E6D3D23A}.Debug|Any CPU.ActiveCfg = Debug|Any CPU
		{F7B2069A-BC5E-44EE-99EC-FA83E6D3D23A}.Debug|Any CPU.Build.0 = Debug|Any CPU
		{F7B2069A-BC5E-44EE-99EC-FA83E6D3D23A}.Release|Any CPU.ActiveCfg = Release|Any CPU
		{F7B2069A-BC5E-44EE-99EC-FA83E6D3D23A}.Release|Any CPU.Build.0 = Release|Any CPU
		{59B3478E-EDFD-47C9-A5AA-66AF781234B6}.Debug|Any CPU.ActiveCfg = Debug|Any CPU
		{59B3478E-EDFD-47C9-A5AA-66AF781234B6}.Debug|Any CPU.Build.0 = Debug|Any CPU
		{59B3478E-EDFD-47C9-A5AA-66AF781234B6}.Release|Any CPU.ActiveCfg = Release|Any CPU
		{59B3478E-EDFD-47C9-A5AA-66AF781234B6}.Release|Any CPU.Build.0 = Release|Any CPU
		{4F04EE34-E35B-4876-8F26-4A955D9D18CE}.Debug|Any CPU.ActiveCfg = Debug|Any CPU
		{4F04EE34-E35B-4876-8F26-4A955D9D18CE}.Debug|Any CPU.Build.0 = Debug|Any CPU
		{4F04EE34-E35B-4876-8F26-4A955D9D18CE}.Release|Any CPU.ActiveCfg = Release|Any CPU
		{4F04EE34-E35B-4876-8F26-4A955D9D18CE}.Release|Any CPU.Build.0 = Release|Any CPU
		{8B476A1A-DCC5-478D-B8FC-EEA3E95C2C37}.Debug|Any CPU.ActiveCfg = Debug|Any CPU
		{8B476A1A-DCC5-478D-B8FC-EEA3E95C2C37}.Debug|Any CPU.Build.0 = Debug|Any CPU
		{8B476A1A-DCC5-478D-B8FC-EEA3E95C2C37}.Release|Any CPU.ActiveCfg = Release|Any CPU
		{8B476A1A-DCC5-478D-B8FC-EEA3E95C2C37}.Release|Any CPU.Build.0 = Release|Any CPU
	EndGlobalSection
	GlobalSection(SolutionProperties) = preSolution
		HideSolutionNode = FALSE
	EndGlobalSection
	GlobalSection(NestedProjects) = preSolution
		{E210CA73-D782-4ABC-9100-675A2CA48670} = {A4971B81-8EC5-4CA2-96EF-82B6090DCC62}
		{81220791-BF38-4AD8-80A9-4B6152193FD4} = {E210CA73-D782-4ABC-9100-675A2CA48670}
		{CC99290F-49B6-415E-87A6-7BC32993843F} = {A4971B81-8EC5-4CA2-96EF-82B6090DCC62}
		{C000815D-CAC6-4D7B-A40C-F7707E51635F} = {CC99290F-49B6-415E-87A6-7BC32993843F}
		{6A9E51C6-9042-4AF1-8706-25D93096A1FE} = {CC99290F-49B6-415E-87A6-7BC32993843F}
		{364154EF-6639-4438-A970-914293015AFA} = {A4971B81-8EC5-4CA2-96EF-82B6090DCC62}
		{392B6321-BEB7-4B3E-9AD2-E6441961AB0A} = {364154EF-6639-4438-A970-914293015AFA}
		{68380002-1CDB-4055-9BC7-2C4069E50D0C} = {364154EF-6639-4438-A970-914293015AFA}
		{65E9E347-5CF4-4265-9CB9-E2769DCE6CE5} = {C9A6AF31-2240-4658-B2AD-E1877B7BB907}
		{25C3494A-0ED0-4236-BD62-EAE35E4EC659} = {65E9E347-5CF4-4265-9CB9-E2769DCE6CE5}
		{EA515C22-DB35-43F0-AE01-04551BFDAF9E} = {C9A6AF31-2240-4658-B2AD-E1877B7BB907}
		{AD85E51F-A410-4464-8463-53979AEFB297} = {EA515C22-DB35-43F0-AE01-04551BFDAF9E}
		{9F0F7C66-C250-4449-817D-DB713CD67446} = {EA515C22-DB35-43F0-AE01-04551BFDAF9E}
		{6A6B0FED-430B-4360-82FA-41FB66AAD7A8} = {C9A6AF31-2240-4658-B2AD-E1877B7BB907}
		{8A507903-84F4-4A74-ACD1-B9A4FD82F347} = {6A6B0FED-430B-4360-82FA-41FB66AAD7A8}
		{7A40B724-4C43-45A3-89E8-E3FF7F5119B0} = {6A6B0FED-430B-4360-82FA-41FB66AAD7A8}
		{83EFD407-EFD8-4308-B403-BB4B25A0DE4C} = {A5112E7F-17EF-4478-B299-B597D4E01C44}
		{5C3E77D5-BAF0-49D8-921C-CB6BE4B3D428} = {83EFD407-EFD8-4308-B403-BB4B25A0DE4C}
		{C12522E6-E804-4BDA-B411-AC633E6CCDCF} = {A5112E7F-17EF-4478-B299-B597D4E01C44}
		{9C2DE221-3C5D-46AB-9CEF-D2FD552802B4} = {A5112E7F-17EF-4478-B299-B597D4E01C44}
		{A7F638E8-A081-403C-B5A1-1B252F54E5E7} = {9C2DE221-3C5D-46AB-9CEF-D2FD552802B4}
		{FF46552A-19EC-4D30-A61B-7C393D142DEB} = {9C2DE221-3C5D-46AB-9CEF-D2FD552802B4}
		{3E9DE22C-7EE0-4130-BD54-1CE996EB0B1A} = {C12522E6-E804-4BDA-B411-AC633E6CCDCF}
		{28D2FAA1-E0E4-4017-884D-E862D9A4091F} = {C12522E6-E804-4BDA-B411-AC633E6CCDCF}
		{9B1E8E39-0B38-459A-8DAC-4D3B532B3456} = {2C75B848-5618-41A4-AE39-33D8A4190707}
		{4D391F4A-C3CE-41A1-A8CE-B97D29860E36} = {9B1E8E39-0B38-459A-8DAC-4D3B532B3456}
		{D6D4DA60-7DB6-4403-AE51-07081DFAFF56} = {2C75B848-5618-41A4-AE39-33D8A4190707}
		{C186BA47-D38A-4FA9-838B-852D7A831F62} = {D6D4DA60-7DB6-4403-AE51-07081DFAFF56}
		{F0A6862C-75CA-47BD-871F-9FFC8969F15A} = {D6D4DA60-7DB6-4403-AE51-07081DFAFF56}
		{B697A113-7328-4BE4-957B-75ACF09C7212} = {2C75B848-5618-41A4-AE39-33D8A4190707}
		{33188595-14B6-444B-AC4B-A27DB0FE687C} = {B697A113-7328-4BE4-957B-75ACF09C7212}
		{06FF9F16-158D-4679-98F3-B8CDB9A7625B} = {B697A113-7328-4BE4-957B-75ACF09C7212}
		{BD5D1EA9-A9F7-474C-8488-BC76266748DE} = {BC9FBF17-C429-424A-9134-81DFC6DA0531}
		{A8485316-E777-43ED-888D-92D9DC8407EC} = {BD5D1EA9-A9F7-474C-8488-BC76266748DE}
		{CB8A55B4-3CF4-404B-AEE0-ECE402386437} = {BC9FBF17-C429-424A-9134-81DFC6DA0531}
		{A2ACEDA0-B671-4973-BA53-E145F2803A8F} = {CB8A55B4-3CF4-404B-AEE0-ECE402386437}
		{2F76803D-2995-43D2-93E2-6FCA2DC579FB} = {CB8A55B4-3CF4-404B-AEE0-ECE402386437}
		{5D5EC5D5-83E3-4346-B70C-5298A4A38F7C} = {BC9FBF17-C429-424A-9134-81DFC6DA0531}
		{BCE742DC-92ED-4FEB-9F79-6451C117730D} = {5D5EC5D5-83E3-4346-B70C-5298A4A38F7C}
		{7AE9308B-4BD0-4BF5-8B3E-06C7A219B4DF} = {5D5EC5D5-83E3-4346-B70C-5298A4A38F7C}
		{B808DBB3-D632-456A-A33D-D28433FD3B7E} = {BE0757FF-5EF9-4B1D-A768-122DC4EB6CCD}
		{4FA6E1BC-4C33-46F0-A4C3-8A2360FB2570} = {B808DBB3-D632-456A-A33D-D28433FD3B7E}
		{A65B523A-F3CB-41DD-8AE1-E527FECA47A6} = {BE0757FF-5EF9-4B1D-A768-122DC4EB6CCD}
		{F7B2069A-BC5E-44EE-99EC-FA83E6D3D23A} = {A65B523A-F3CB-41DD-8AE1-E527FECA47A6}
		{AD4C6735-22D3-4AE3-A50F-79D5CEC702EF} = {BE0757FF-5EF9-4B1D-A768-122DC4EB6CCD}
		{59B3478E-EDFD-47C9-A5AA-66AF781234B6} = {AD4C6735-22D3-4AE3-A50F-79D5CEC702EF}
		{4F04EE34-E35B-4876-8F26-4A955D9D18CE} = {A65B523A-F3CB-41DD-8AE1-E527FECA47A6}
		{8B476A1A-DCC5-478D-B8FC-EEA3E95C2C37} = {AD4C6735-22D3-4AE3-A50F-79D5CEC702EF}
	EndGlobalSection
	GlobalSection(ExtensibilityGlobals) = postSolution
		SolutionGuid = {8EE0E1C3-79F2-4037-A00F-9EDD87BA0653}
	EndGlobalSection
EndGlobal
