
Microsoft Visual Studio Solution File, Format Version 12.00
# Visual Studio Version 17
VisualStudioVersion = 17.8.34330.188
MinimumVisualStudioVersion = 10.0.40219.1
Project("{2150E333-8FDC-42A3-9474-1A3956D46DE8}") = "ShopManagement", "ShopManagement", "{A4971B81-8EC5-4CA2-96EF-82B6090DCC62}"
EndProject
Project("{2150E333-8FDC-42A3-9474-1A3956D46DE8}") = "SM.Domain", "SM.Domain", "{E210CA73-D782-4ABC-9100-675A2CA48670}"
EndProject
Project("{FAE04EC0-301F-11D3-BF4B-00C04F79EFBC}") = "SM.Domain", "SM.Domain\SM.Domain.csproj", "{81220791-BF38-4AD8-80A9-4B6152193FD4}"
EndProject
Project("{FAE04EC0-301F-11D3-BF4B-00C04F79EFBC}") = "0_Framework", "0_Framework\0_Framework.csproj", "{D2A4B2B4-2C57-402A-AFC7-3EF370051DB9}"
EndProject
Project("{2150E333-8FDC-42A3-9474-1A3956D46DE8}") = "SM.Application", "SM.Application", "{CC99290F-49B6-415E-87A6-7BC32993843F}"
EndProject
Project("{FAE04EC0-301F-11D3-BF4B-00C04F79EFBC}") = "SM.Application.Contracts", "SM.Application.Contracts\SM.Application.Contracts.csproj", "{C000815D-CAC6-4D7B-A40C-F7707E51635F}"
EndProject
Project("{FAE04EC0-301F-11D3-BF4B-00C04F79EFBC}") = "SM.Application", "SM.Application\SM.Application.csproj", "{6A9E51C6-9042-4AF1-8706-25D93096A1FE}"
EndProject
Global
	GlobalSection(SolutionConfigurationPlatforms) = preSolution
		Debug|Any CPU = Debug|Any CPU
		Release|Any CPU = Release|Any CPU
	EndGlobalSection
	GlobalSection(ProjectConfigurationPlatforms) = postSolution
		{81220791-BF38-4AD8-80A9-4B6152193FD4}.Debug|Any CPU.ActiveCfg = Debug|Any CPU
		{81220791-BF38-4AD8-80A9-4B6152193FD4}.Debug|Any CPU.Build.0 = Debug|Any CPU
		{81220791-BF38-4AD8-80A9-4B6152193FD4}.Release|Any CPU.ActiveCfg = Release|Any CPU
		{81220791-BF38-4AD8-80A9-4B6152193FD4}.Release|Any CPU.Build.0 = Release|Any CPU
		{D2A4B2B4-2C57-402A-AFC7-3EF370051DB9}.Debug|Any CPU.ActiveCfg = Debug|Any CPU
		{D2A4B2B4-2C57-402A-AFC7-3EF370051DB9}.Debug|Any CPU.Build.0 = Debug|Any CPU
		{D2A4B2B4-2C57-402A-AFC7-3EF370051DB9}.Release|Any CPU.ActiveCfg = Release|Any CPU
		{D2A4B2B4-2C57-402A-AFC7-3EF370051DB9}.Release|Any CPU.Build.0 = Release|Any CPU
		{C000815D-CAC6-4D7B-A40C-F7707E51635F}.Debug|Any CPU.ActiveCfg = Debug|Any CPU
		{C000815D-CAC6-4D7B-A40C-F7707E51635F}.Debug|Any CPU.Build.0 = Debug|Any CPU
		{C000815D-CAC6-4D7B-A40C-F7707E51635F}.Release|Any CPU.ActiveCfg = Release|Any CPU
		{C000815D-CAC6-4D7B-A40C-F7707E51635F}.Release|Any CPU.Build.0 = Release|Any CPU
		{6A9E51C6-9042-4AF1-8706-25D93096A1FE}.Debug|Any CPU.ActiveCfg = Debug|Any CPU
		{6A9E51C6-9042-4AF1-8706-25D93096A1FE}.Debug|Any CPU.Build.0 = Debug|Any CPU
		{6A9E51C6-9042-4AF1-8706-25D93096A1FE}.Release|Any CPU.ActiveCfg = Release|Any CPU
		{6A9E51C6-9042-4AF1-8706-25D93096A1FE}.Release|Any CPU.Build.0 = Release|Any CPU
	EndGlobalSection
	GlobalSection(SolutionProperties) = preSolution
		HideSolutionNode = FALSE
	EndGlobalSection
	GlobalSection(NestedProjects) = preSolution
		{E210CA73-D782-4ABC-9100-675A2CA48670} = {A4971B81-8EC5-4CA2-96EF-82B6090DCC62}
		{81220791-BF38-4AD8-80A9-4B6152193FD4} = {E210CA73-D782-4ABC-9100-675A2CA48670}
		{CC99290F-49B6-415E-87A6-7BC32993843F} = {A4971B81-8EC5-4CA2-96EF-82B6090DCC62}
		{C000815D-CAC6-4D7B-A40C-F7707E51635F} = {CC99290F-49B6-415E-87A6-7BC32993843F}
		{6A9E51C6-9042-4AF1-8706-25D93096A1FE} = {CC99290F-49B6-415E-87A6-7BC32993843F}
	EndGlobalSection
	GlobalSection(ExtensibilityGlobals) = postSolution
		SolutionGuid = {8EE0E1C3-79F2-4037-A00F-9EDD87BA0653}
	EndGlobalSection
EndGlobal
